// !$*UTF8*$!
{
	archiveVersion = 1;
	classes = {
	};
	objectVersion = 55;
	objects = {

/* Begin PBXBuildFile section */
		F07D6EC3289FF3DB00FE97AD /* NewsFeedViewModelTests.swift in Sources */ = {isa = PBXBuildFile; fileRef = F07D6EC2289FF3DB00FE97AD /* NewsFeedViewModelTests.swift */; };
		F08154C5289BDCE1009E2B1B /* AppDelegate.swift in Sources */ = {isa = PBXBuildFile; fileRef = F08154C4289BDCE1009E2B1B /* AppDelegate.swift */; };
		F08154C7289BDCE1009E2B1B /* SceneDelegate.swift in Sources */ = {isa = PBXBuildFile; fileRef = F08154C6289BDCE1009E2B1B /* SceneDelegate.swift */; };
		F08154C9289BDCE1009E2B1B /* NewsFeedViewController.swift in Sources */ = {isa = PBXBuildFile; fileRef = F08154C8289BDCE1009E2B1B /* NewsFeedViewController.swift */; };
		F08154CE289BDCE3009E2B1B /* Assets.xcassets in Resources */ = {isa = PBXBuildFile; fileRef = F08154CD289BDCE3009E2B1B /* Assets.xcassets */; };
		F08154D1289BDCE3009E2B1B /* LaunchScreen.storyboard in Resources */ = {isa = PBXBuildFile; fileRef = F08154CF289BDCE3009E2B1B /* LaunchScreen.storyboard */; };
		F08154DB289C8FBC009E2B1B /* RequestMethod.swift in Sources */ = {isa = PBXBuildFile; fileRef = F08154DA289C8FBC009E2B1B /* RequestMethod.swift */; };
		F08154DD289C9006009E2B1B /* EndPoint.swift in Sources */ = {isa = PBXBuildFile; fileRef = F08154DC289C9006009E2B1B /* EndPoint.swift */; };
		F08154DF289C9045009E2B1B /* HTTPClient.swift in Sources */ = {isa = PBXBuildFile; fileRef = F08154DE289C9045009E2B1B /* HTTPClient.swift */; };
		F08154E1289C906C009E2B1B /* NetworkError.swift in Sources */ = {isa = PBXBuildFile; fileRef = F08154E0289C906C009E2B1B /* NetworkError.swift */; };
		F08154E4289C91AF009E2B1B /* NewsDataService.swift in Sources */ = {isa = PBXBuildFile; fileRef = F08154E3289C91AF009E2B1B /* NewsDataService.swift */; };
		F08154E7289C9219009E2B1B /* Article.swift in Sources */ = {isa = PBXBuildFile; fileRef = F08154E6289C9219009E2B1B /* Article.swift */; };
		F08154E9289C9319009E2B1B /* NewsFeed.swift in Sources */ = {isa = PBXBuildFile; fileRef = F08154E8289C9318009E2B1B /* NewsFeed.swift */; };
		F08154EC289C94D1009E2B1B /* NewsEndPoint.swift in Sources */ = {isa = PBXBuildFile; fileRef = F08154EB289C94D1009E2B1B /* NewsEndPoint.swift */; };
		F0E272A5289EA102005071AE /* NewsFeedViewModel.swift in Sources */ = {isa = PBXBuildFile; fileRef = F0E272A4289EA102005071AE /* NewsFeedViewModel.swift */; };
		F0E272A7289EAA37005071AE /* NewsTableViewCell.swift in Sources */ = {isa = PBXBuildFile; fileRef = F0E272A6289EAA37005071AE /* NewsTableViewCell.swift */; };
		F0E272C0289F2831005071AE /* Mockable.swift in Sources */ = {isa = PBXBuildFile; fileRef = F0E272BF289F2831005071AE /* Mockable.swift */; };
		F0E272C3289F2868005071AE /* NewsFeedResponse.json in Resources */ = {isa = PBXBuildFile; fileRef = F0E272C2289F2868005071AE /* NewsFeedResponse.json */; };
		F0E272C6289F2A13005071AE /* NewsDataServiceTests.swift in Sources */ = {isa = PBXBuildFile; fileRef = F0E272C5289F2A13005071AE /* NewsDataServiceTests.swift */; };
		F0E272C8289F2D35005071AE /* HTTPClientTests.swift in Sources */ = {isa = PBXBuildFile; fileRef = F0E272C7289F2D35005071AE /* HTTPClientTests.swift */; };
		F0E272CA289F2F98005071AE /* MockEndPoint.swift in Sources */ = {isa = PBXBuildFile; fileRef = F0E272C9289F2F98005071AE /* MockEndPoint.swift */; };
/* End PBXBuildFile section */

/* Begin PBXContainerItemProxy section */
		F0E272B9289F2537005071AE /* PBXContainerItemProxy */ = {
			isa = PBXContainerItemProxy;
			containerPortal = F08154B9289BDCE1009E2B1B /* Project object */;
			proxyType = 1;
			remoteGlobalIDString = F08154C0289BDCE1009E2B1B;
			remoteInfo = NewsApp;
		};
/* End PBXContainerItemProxy section */

/* Begin PBXFileReference section */
		F07D6EC2289FF3DB00FE97AD /* NewsFeedViewModelTests.swift */ = {isa = PBXFileReference; lastKnownFileType = sourcecode.swift; path = NewsFeedViewModelTests.swift; sourceTree = "<group>"; };
		F08154C1289BDCE1009E2B1B /* NewsApp.app */ = {isa = PBXFileReference; explicitFileType = wrapper.application; includeInIndex = 0; path = NewsApp.app; sourceTree = BUILT_PRODUCTS_DIR; };
		F08154C4289BDCE1009E2B1B /* AppDelegate.swift */ = {isa = PBXFileReference; lastKnownFileType = sourcecode.swift; path = AppDelegate.swift; sourceTree = "<group>"; };
		F08154C6289BDCE1009E2B1B /* SceneDelegate.swift */ = {isa = PBXFileReference; lastKnownFileType = sourcecode.swift; path = SceneDelegate.swift; sourceTree = "<group>"; };
		F08154C8289BDCE1009E2B1B /* NewsFeedViewController.swift */ = {isa = PBXFileReference; lastKnownFileType = sourcecode.swift; path = NewsFeedViewController.swift; sourceTree = "<group>"; };
		F08154CD289BDCE3009E2B1B /* Assets.xcassets */ = {isa = PBXFileReference; lastKnownFileType = folder.assetcatalog; path = Assets.xcassets; sourceTree = "<group>"; };
		F08154D0289BDCE3009E2B1B /* Base */ = {isa = PBXFileReference; lastKnownFileType = file.storyboard; name = Base; path = Base.lproj/LaunchScreen.storyboard; sourceTree = "<group>"; };
		F08154D2289BDCE3009E2B1B /* Info.plist */ = {isa = PBXFileReference; lastKnownFileType = text.plist.xml; path = Info.plist; sourceTree = "<group>"; };
		F08154DA289C8FBC009E2B1B /* RequestMethod.swift */ = {isa = PBXFileReference; lastKnownFileType = sourcecode.swift; path = RequestMethod.swift; sourceTree = "<group>"; };
		F08154DC289C9006009E2B1B /* EndPoint.swift */ = {isa = PBXFileReference; lastKnownFileType = sourcecode.swift; path = EndPoint.swift; sourceTree = "<group>"; };
		F08154DE289C9045009E2B1B /* HTTPClient.swift */ = {isa = PBXFileReference; lastKnownFileType = sourcecode.swift; path = HTTPClient.swift; sourceTree = "<group>"; };
		F08154E0289C906C009E2B1B /* NetworkError.swift */ = {isa = PBXFileReference; lastKnownFileType = sourcecode.swift; path = NetworkError.swift; sourceTree = "<group>"; };
		F08154E3289C91AF009E2B1B /* NewsDataService.swift */ = {isa = PBXFileReference; lastKnownFileType = sourcecode.swift; path = NewsDataService.swift; sourceTree = "<group>"; };
		F08154E6289C9219009E2B1B /* Article.swift */ = {isa = PBXFileReference; lastKnownFileType = sourcecode.swift; path = Article.swift; sourceTree = "<group>"; };
		F08154E8289C9318009E2B1B /* NewsFeed.swift */ = {isa = PBXFileReference; lastKnownFileType = sourcecode.swift; path = NewsFeed.swift; sourceTree = "<group>"; };
		F08154EB289C94D1009E2B1B /* NewsEndPoint.swift */ = {isa = PBXFileReference; lastKnownFileType = sourcecode.swift; path = NewsEndPoint.swift; sourceTree = "<group>"; };
		F0E272A4289EA102005071AE /* NewsFeedViewModel.swift */ = {isa = PBXFileReference; lastKnownFileType = sourcecode.swift; path = NewsFeedViewModel.swift; sourceTree = "<group>"; };
		F0E272A6289EAA37005071AE /* NewsTableViewCell.swift */ = {isa = PBXFileReference; lastKnownFileType = sourcecode.swift; path = NewsTableViewCell.swift; sourceTree = "<group>"; };
		F0E272B5289F2537005071AE /* NewsAppTests.xctest */ = {isa = PBXFileReference; explicitFileType = wrapper.cfbundle; includeInIndex = 0; path = NewsAppTests.xctest; sourceTree = BUILT_PRODUCTS_DIR; };
		F0E272BF289F2831005071AE /* Mockable.swift */ = {isa = PBXFileReference; lastKnownFileType = sourcecode.swift; path = Mockable.swift; sourceTree = "<group>"; };
		F0E272C2289F2868005071AE /* NewsFeedResponse.json */ = {isa = PBXFileReference; lastKnownFileType = text.json; path = NewsFeedResponse.json; sourceTree = "<group>"; };
		F0E272C5289F2A13005071AE /* NewsDataServiceTests.swift */ = {isa = PBXFileReference; lastKnownFileType = sourcecode.swift; path = NewsDataServiceTests.swift; sourceTree = "<group>"; };
		F0E272C7289F2D35005071AE /* HTTPClientTests.swift */ = {isa = PBXFileReference; lastKnownFileType = sourcecode.swift; path = HTTPClientTests.swift; sourceTree = "<group>"; };
		F0E272C9289F2F98005071AE /* MockEndPoint.swift */ = {isa = PBXFileReference; lastKnownFileType = sourcecode.swift; path = MockEndPoint.swift; sourceTree = "<group>"; };
/* End PBXFileReference section */

/* Begin PBXFrameworksBuildPhase section */
		F08154BE289BDCE1009E2B1B /* Frameworks */ = {
			isa = PBXFrameworksBuildPhase;
			buildActionMask = 2147483647;
			files = (
			);
			runOnlyForDeploymentPostprocessing = 0;
		};
		F0E272B2289F2537005071AE /* Frameworks */ = {
			isa = PBXFrameworksBuildPhase;
			buildActionMask = 2147483647;
			files = (
			);
			runOnlyForDeploymentPostprocessing = 0;
		};
/* End PBXFrameworksBuildPhase section */

/* Begin PBXGroup section */
		F08154B8289BDCE1009E2B1B = {
			isa = PBXGroup;
			children = (
				F08154C3289BDCE1009E2B1B /* NewsApp */,
				F0E272B6289F2537005071AE /* NewsAppTests */,
				F08154C2289BDCE1009E2B1B /* Products */,
			);
			sourceTree = "<group>";
		};
		F08154C2289BDCE1009E2B1B /* Products */ = {
			isa = PBXGroup;
			children = (
				F08154C1289BDCE1009E2B1B /* NewsApp.app */,
				F0E272B5289F2537005071AE /* NewsAppTests.xctest */,
			);
			name = Products;
			sourceTree = "<group>";
		};
		F08154C3289BDCE1009E2B1B /* NewsApp */ = {
			isa = PBXGroup;
			children = (
				F08154C6289BDCE1009E2B1B /* SceneDelegate.swift */,
				F08154C4289BDCE1009E2B1B /* AppDelegate.swift */,
				F08154D8289BDD68009E2B1B /* Network */,
				F0E272A8289F0CF0005071AE /* MVVM */,
				F0E272AB289F0D36005071AE /* Resources */,
			);
			path = NewsApp;
			sourceTree = "<group>";
		};
		F08154D8289BDD68009E2B1B /* Network */ = {
			isa = PBXGroup;
			children = (
				F08154EA289C947E009E2B1B /* EndPoint */,
				F08154E2289C9174009E2B1B /* Services */,
				F08154D9289C8FA1009E2B1B /* Base */,
			);
			path = Network;
			sourceTree = "<group>";
		};
		F08154D9289C8FA1009E2B1B /* Base */ = {
			isa = PBXGroup;
			children = (
				F08154DE289C9045009E2B1B /* HTTPClient.swift */,
				F08154DA289C8FBC009E2B1B /* RequestMethod.swift */,
				F08154DC289C9006009E2B1B /* EndPoint.swift */,
				F08154E0289C906C009E2B1B /* NetworkError.swift */,
			);
			path = Base;
			sourceTree = "<group>";
		};
		F08154E2289C9174009E2B1B /* Services */ = {
			isa = PBXGroup;
			children = (
				F08154E3289C91AF009E2B1B /* NewsDataService.swift */,
			);
			path = Services;
			sourceTree = "<group>";
		};
		F08154E5289C91EB009E2B1B /* Model */ = {
			isa = PBXGroup;
			children = (
				F08154E8289C9318009E2B1B /* NewsFeed.swift */,
				F08154E6289C9219009E2B1B /* Article.swift */,
			);
			path = Model;
			sourceTree = "<group>";
		};
		F08154EA289C947E009E2B1B /* EndPoint */ = {
			isa = PBXGroup;
			children = (
				F08154EB289C94D1009E2B1B /* NewsEndPoint.swift */,
			);
			path = EndPoint;
			sourceTree = "<group>";
		};
		F0E272A8289F0CF0005071AE /* MVVM */ = {
			isa = PBXGroup;
			children = (
				F0E272AD289F1451005071AE /* NewsFeedList */,
			);
			path = MVVM;
			sourceTree = "<group>";
		};
		F0E272A9289F0D03005071AE /* View */ = {
			isa = PBXGroup;
			children = (
				F08154C8289BDCE1009E2B1B /* NewsFeedViewController.swift */,
				F0E272AA289F0D1C005071AE /* Cells */,
			);
			path = View;
			sourceTree = "<group>";
		};
		F0E272AA289F0D1C005071AE /* Cells */ = {
			isa = PBXGroup;
			children = (
				F0E272A6289EAA37005071AE /* NewsTableViewCell.swift */,
			);
			path = Cells;
			sourceTree = "<group>";
		};
		F0E272AB289F0D36005071AE /* Resources */ = {
			isa = PBXGroup;
			children = (
				F08154CD289BDCE3009E2B1B /* Assets.xcassets */,
				F08154CF289BDCE3009E2B1B /* LaunchScreen.storyboard */,
				F08154D2289BDCE3009E2B1B /* Info.plist */,
			);
			path = Resources;
			sourceTree = "<group>";
		};
		F0E272AC289F1438005071AE /* ViewModel */ = {
			isa = PBXGroup;
			children = (
				F0E272A4289EA102005071AE /* NewsFeedViewModel.swift */,
			);
			path = ViewModel;
			sourceTree = "<group>";
		};
		F0E272AD289F1451005071AE /* NewsFeedList */ = {
			isa = PBXGroup;
			children = (
				F08154E5289C91EB009E2B1B /* Model */,
				F0E272A9289F0D03005071AE /* View */,
				F0E272AC289F1438005071AE /* ViewModel */,
			);
			path = NewsFeedList;
			sourceTree = "<group>";
		};
		F0E272B6289F2537005071AE /* NewsAppTests */ = {
			isa = PBXGroup;
			children = (
				F0E272C4289F29C5005071AE /* ServiceTests */,
				F0E272C1289F2849005071AE /* JSON */,
				F0E272BE289F27FA005071AE /* Mocks */,
				F07D6EC2289FF3DB00FE97AD /* NewsFeedViewModelTests.swift */,
			);
			path = NewsAppTests;
			sourceTree = "<group>";
		};
		F0E272BE289F27FA005071AE /* Mocks */ = {
			isa = PBXGroup;
			children = (
				F0E272BF289F2831005071AE /* Mockable.swift */,
				F0E272C9289F2F98005071AE /* MockEndPoint.swift */,
			);
			path = Mocks;
			sourceTree = "<group>";
		};
		F0E272C1289F2849005071AE /* JSON */ = {
			isa = PBXGroup;
			children = (
				F0E272C2289F2868005071AE /* NewsFeedResponse.json */,
			);
			path = JSON;
			sourceTree = "<group>";
		};
		F0E272C4289F29C5005071AE /* ServiceTests */ = {
			isa = PBXGroup;
			children = (
				F0E272C5289F2A13005071AE /* NewsDataServiceTests.swift */,
				F0E272C7289F2D35005071AE /* HTTPClientTests.swift */,
			);
			path = ServiceTests;
			sourceTree = "<group>";
		};
/* End PBXGroup section */

/* Begin PBXNativeTarget section */
		F08154C0289BDCE1009E2B1B /* NewsApp */ = {
			isa = PBXNativeTarget;
			buildConfigurationList = F08154D5289BDCE3009E2B1B /* Build configuration list for PBXNativeTarget "NewsApp" */;
			buildPhases = (
				F08154BD289BDCE1009E2B1B /* Sources */,
				F08154BE289BDCE1009E2B1B /* Frameworks */,
				F08154BF289BDCE1009E2B1B /* Resources */,
			);
			buildRules = (
			);
			dependencies = (
			);
			name = NewsApp;
			productName = NewsApp;
			productReference = F08154C1289BDCE1009E2B1B /* NewsApp.app */;
			productType = "com.apple.product-type.application";
		};
		F0E272B4289F2537005071AE /* NewsAppTests */ = {
			isa = PBXNativeTarget;
			buildConfigurationList = F0E272BB289F2537005071AE /* Build configuration list for PBXNativeTarget "NewsAppTests" */;
			buildPhases = (
				F0E272B1289F2537005071AE /* Sources */,
				F0E272B2289F2537005071AE /* Frameworks */,
				F0E272B3289F2537005071AE /* Resources */,
			);
			buildRules = (
			);
			dependencies = (
				F0E272BA289F2537005071AE /* PBXTargetDependency */,
			);
			name = NewsAppTests;
			productName = NewsAppTests;
			productReference = F0E272B5289F2537005071AE /* NewsAppTests.xctest */;
			productType = "com.apple.product-type.bundle.unit-test";
		};
/* End PBXNativeTarget section */

/* Begin PBXProject section */
		F08154B9289BDCE1009E2B1B /* Project object */ = {
			isa = PBXProject;
			attributes = {
				BuildIndependentTargetsInParallel = 1;
				LastSwiftUpdateCheck = 1340;
				LastUpgradeCheck = 1340;
				TargetAttributes = {
					F08154C0289BDCE1009E2B1B = {
						CreatedOnToolsVersion = 13.4;
					};
					F0E272B4289F2537005071AE = {
						CreatedOnToolsVersion = 13.4;
						TestTargetID = F08154C0289BDCE1009E2B1B;
					};
				};
			};
			buildConfigurationList = F08154BC289BDCE1009E2B1B /* Build configuration list for PBXProject "NewsApp" */;
			compatibilityVersion = "Xcode 13.0";
			developmentRegion = en;
			hasScannedForEncodings = 0;
			knownRegions = (
				en,
				Base,
			);
			mainGroup = F08154B8289BDCE1009E2B1B;
			productRefGroup = F08154C2289BDCE1009E2B1B /* Products */;
			projectDirPath = "";
			projectRoot = "";
			targets = (
				F08154C0289BDCE1009E2B1B /* NewsApp */,
				F0E272B4289F2537005071AE /* NewsAppTests */,
			);
		};
/* End PBXProject section */

/* Begin PBXResourcesBuildPhase section */
		F08154BF289BDCE1009E2B1B /* Resources */ = {
			isa = PBXResourcesBuildPhase;
			buildActionMask = 2147483647;
			files = (
				F08154D1289BDCE3009E2B1B /* LaunchScreen.storyboard in Resources */,
				F08154CE289BDCE3009E2B1B /* Assets.xcassets in Resources */,
			);
			runOnlyForDeploymentPostprocessing = 0;
		};
		F0E272B3289F2537005071AE /* Resources */ = {
			isa = PBXResourcesBuildPhase;
			buildActionMask = 2147483647;
			files = (
				F0E272C3289F2868005071AE /* NewsFeedResponse.json in Resources */,
			);
			runOnlyForDeploymentPostprocessing = 0;
		};
/* End PBXResourcesBuildPhase section */

/* Begin PBXSourcesBuildPhase section */
		F08154BD289BDCE1009E2B1B /* Sources */ = {
			isa = PBXSourcesBuildPhase;
			buildActionMask = 2147483647;
			files = (
				F08154E4289C91AF009E2B1B /* NewsDataService.swift in Sources */,
				F08154DB289C8FBC009E2B1B /* RequestMethod.swift in Sources */,
				F08154E1289C906C009E2B1B /* NetworkError.swift in Sources */,
				F08154E7289C9219009E2B1B /* Article.swift in Sources */,
				F0E272A7289EAA37005071AE /* NewsTableViewCell.swift in Sources */,
				F08154C9289BDCE1009E2B1B /* NewsFeedViewController.swift in Sources */,
				F08154DF289C9045009E2B1B /* HTTPClient.swift in Sources */,
				F08154DD289C9006009E2B1B /* EndPoint.swift in Sources */,
				F0E272A5289EA102005071AE /* NewsFeedViewModel.swift in Sources */,
				F08154C5289BDCE1009E2B1B /* AppDelegate.swift in Sources */,
				F08154EC289C94D1009E2B1B /* NewsEndPoint.swift in Sources */,
				F08154E9289C9319009E2B1B /* NewsFeed.swift in Sources */,
				F08154C7289BDCE1009E2B1B /* SceneDelegate.swift in Sources */,
			);
			runOnlyForDeploymentPostprocessing = 0;
		};
		F0E272B1289F2537005071AE /* Sources */ = {
			isa = PBXSourcesBuildPhase;
			buildActionMask = 2147483647;
			files = (
				F0E272C6289F2A13005071AE /* NewsDataServiceTests.swift in Sources */,
				F0E272CA289F2F98005071AE /* MockEndPoint.swift in Sources */,
				F0E272C8289F2D35005071AE /* HTTPClientTests.swift in Sources */,
				F07D6EC3289FF3DB00FE97AD /* NewsFeedViewModelTests.swift in Sources */,
				F0E272C0289F2831005071AE /* Mockable.swift in Sources */,
			);
			runOnlyForDeploymentPostprocessing = 0;
		};
/* End PBXSourcesBuildPhase section */

/* Begin PBXTargetDependency section */
		F0E272BA289F2537005071AE /* PBXTargetDependency */ = {
			isa = PBXTargetDependency;
			target = F08154C0289BDCE1009E2B1B /* NewsApp */;
			targetProxy = F0E272B9289F2537005071AE /* PBXContainerItemProxy */;
		};
/* End PBXTargetDependency section */

/* Begin PBXVariantGroup section */
		F08154CF289BDCE3009E2B1B /* LaunchScreen.storyboard */ = {
			isa = PBXVariantGroup;
			children = (
				F08154D0289BDCE3009E2B1B /* Base */,
			);
			name = LaunchScreen.storyboard;
			sourceTree = "<group>";
		};
/* End PBXVariantGroup section */

/* Begin XCBuildConfiguration section */
		F08154D3289BDCE3009E2B1B /* Debug */ = {
			isa = XCBuildConfiguration;
			buildSettings = {
				ALWAYS_SEARCH_USER_PATHS = NO;
				CLANG_ANALYZER_NONNULL = YES;
				CLANG_ANALYZER_NUMBER_OBJECT_CONVERSION = YES_AGGRESSIVE;
				CLANG_CXX_LANGUAGE_STANDARD = "gnu++17";
				CLANG_ENABLE_MODULES = YES;
				CLANG_ENABLE_OBJC_ARC = YES;
				CLANG_ENABLE_OBJC_WEAK = YES;
				CLANG_WARN_BLOCK_CAPTURE_AUTORELEASING = YES;
				CLANG_WARN_BOOL_CONVERSION = YES;
				CLANG_WARN_COMMA = YES;
				CLANG_WARN_CONSTANT_CONVERSION = YES;
				CLANG_WARN_DEPRECATED_OBJC_IMPLEMENTATIONS = YES;
				CLANG_WARN_DIRECT_OBJC_ISA_USAGE = YES_ERROR;
				CLANG_WARN_DOCUMENTATION_COMMENTS = YES;
				CLANG_WARN_EMPTY_BODY = YES;
				CLANG_WARN_ENUM_CONVERSION = YES;
				CLANG_WARN_INFINITE_RECURSION = YES;
				CLANG_WARN_INT_CONVERSION = YES;
				CLANG_WARN_NON_LITERAL_NULL_CONVERSION = YES;
				CLANG_WARN_OBJC_IMPLICIT_RETAIN_SELF = YES;
				CLANG_WARN_OBJC_LITERAL_CONVERSION = YES;
				CLANG_WARN_OBJC_ROOT_CLASS = YES_ERROR;
				CLANG_WARN_QUOTED_INCLUDE_IN_FRAMEWORK_HEADER = YES;
				CLANG_WARN_RANGE_LOOP_ANALYSIS = YES;
				CLANG_WARN_STRICT_PROTOTYPES = YES;
				CLANG_WARN_SUSPICIOUS_MOVE = YES;
				CLANG_WARN_UNGUARDED_AVAILABILITY = YES_AGGRESSIVE;
				CLANG_WARN_UNREACHABLE_CODE = YES;
				CLANG_WARN__DUPLICATE_METHOD_MATCH = YES;
				COPY_PHASE_STRIP = NO;
				DEBUG_INFORMATION_FORMAT = dwarf;
				ENABLE_STRICT_OBJC_MSGSEND = YES;
				ENABLE_TESTABILITY = YES;
				GCC_C_LANGUAGE_STANDARD = gnu11;
				GCC_DYNAMIC_NO_PIC = NO;
				GCC_NO_COMMON_BLOCKS = YES;
				GCC_OPTIMIZATION_LEVEL = 0;
				GCC_PREPROCESSOR_DEFINITIONS = (
					"DEBUG=1",
					"$(inherited)",
				);
				GCC_WARN_64_TO_32_BIT_CONVERSION = YES;
				GCC_WARN_ABOUT_RETURN_TYPE = YES_ERROR;
				GCC_WARN_UNDECLARED_SELECTOR = YES;
				GCC_WARN_UNINITIALIZED_AUTOS = YES_AGGRESSIVE;
				GCC_WARN_UNUSED_FUNCTION = YES;
				GCC_WARN_UNUSED_VARIABLE = YES;
				IPHONEOS_DEPLOYMENT_TARGET = 15.5;
				MTL_ENABLE_DEBUG_INFO = INCLUDE_SOURCE;
				MTL_FAST_MATH = YES;
				ONLY_ACTIVE_ARCH = YES;
				SDKROOT = iphoneos;
				SWIFT_ACTIVE_COMPILATION_CONDITIONS = DEBUG;
				SWIFT_OPTIMIZATION_LEVEL = "-Onone";
			};
			name = Debug;
		};
		F08154D4289BDCE3009E2B1B /* Release */ = {
			isa = XCBuildConfiguration;
			buildSettings = {
				ALWAYS_SEARCH_USER_PATHS = NO;
				CLANG_ANALYZER_NONNULL = YES;
				CLANG_ANALYZER_NUMBER_OBJECT_CONVERSION = YES_AGGRESSIVE;
				CLANG_CXX_LANGUAGE_STANDARD = "gnu++17";
				CLANG_ENABLE_MODULES = YES;
				CLANG_ENABLE_OBJC_ARC = YES;
				CLANG_ENABLE_OBJC_WEAK = YES;
				CLANG_WARN_BLOCK_CAPTURE_AUTORELEASING = YES;
				CLANG_WARN_BOOL_CONVERSION = YES;
				CLANG_WARN_COMMA = YES;
				CLANG_WARN_CONSTANT_CONVERSION = YES;
				CLANG_WARN_DEPRECATED_OBJC_IMPLEMENTATIONS = YES;
				CLANG_WARN_DIRECT_OBJC_ISA_USAGE = YES_ERROR;
				CLANG_WARN_DOCUMENTATION_COMMENTS = YES;
				CLANG_WARN_EMPTY_BODY = YES;
				CLANG_WARN_ENUM_CONVERSION = YES;
				CLANG_WARN_INFINITE_RECURSION = YES;
				CLANG_WARN_INT_CONVERSION = YES;
				CLANG_WARN_NON_LITERAL_NULL_CONVERSION = YES;
				CLANG_WARN_OBJC_IMPLICIT_RETAIN_SELF = YES;
				CLANG_WARN_OBJC_LITERAL_CONVERSION = YES;
				CLANG_WARN_OBJC_ROOT_CLASS = YES_ERROR;
				CLANG_WARN_QUOTED_INCLUDE_IN_FRAMEWORK_HEADER = YES;
				CLANG_WARN_RANGE_LOOP_ANALYSIS = YES;
				CLANG_WARN_STRICT_PROTOTYPES = YES;
				CLANG_WARN_SUSPICIOUS_MOVE = YES;
				CLANG_WARN_UNGUARDED_AVAILABILITY = YES_AGGRESSIVE;
				CLANG_WARN_UNREACHABLE_CODE = YES;
				CLANG_WARN__DUPLICATE_METHOD_MATCH = YES;
				COPY_PHASE_STRIP = NO;
				DEBUG_INFORMATION_FORMAT = "dwarf-with-dsym";
				ENABLE_NS_ASSERTIONS = NO;
				ENABLE_STRICT_OBJC_MSGSEND = YES;
				GCC_C_LANGUAGE_STANDARD = gnu11;
				GCC_NO_COMMON_BLOCKS = YES;
				GCC_WARN_64_TO_32_BIT_CONVERSION = YES;
				GCC_WARN_ABOUT_RETURN_TYPE = YES_ERROR;
				GCC_WARN_UNDECLARED_SELECTOR = YES;
				GCC_WARN_UNINITIALIZED_AUTOS = YES_AGGRESSIVE;
				GCC_WARN_UNUSED_FUNCTION = YES;
				GCC_WARN_UNUSED_VARIABLE = YES;
				IPHONEOS_DEPLOYMENT_TARGET = 15.5;
				MTL_ENABLE_DEBUG_INFO = NO;
				MTL_FAST_MATH = YES;
				SDKROOT = iphoneos;
				SWIFT_COMPILATION_MODE = wholemodule;
				SWIFT_OPTIMIZATION_LEVEL = "-O";
				VALIDATE_PRODUCT = YES;
			};
			name = Release;
		};
		F08154D6289BDCE3009E2B1B /* Debug */ = {
			isa = XCBuildConfiguration;
			buildSettings = {
				ASSETCATALOG_COMPILER_APPICON_NAME = AppIcon;
				ASSETCATALOG_COMPILER_GLOBAL_ACCENT_COLOR_NAME = AccentColor;
				CODE_SIGN_STYLE = Automatic;
				CURRENT_PROJECT_VERSION = 1;
				GENERATE_INFOPLIST_FILE = YES;
				INFOPLIST_FILE = NewsApp/Resources/Info.plist;
				INFOPLIST_KEY_UIApplicationSupportsIndirectInputEvents = YES;
				INFOPLIST_KEY_UILaunchStoryboardName = LaunchScreen;
				INFOPLIST_KEY_UISupportedInterfaceOrientations_iPad = "UIInterfaceOrientationPortrait UIInterfaceOrientationPortraitUpsideDown UIInterfaceOrientationLandscapeLeft UIInterfaceOrientationLandscapeRight";
				INFOPLIST_KEY_UISupportedInterfaceOrientations_iPhone = "UIInterfaceOrientationPortrait UIInterfaceOrientationLandscapeLeft UIInterfaceOrientationLandscapeRight";
				LD_RUNPATH_SEARCH_PATHS = (
					"$(inherited)",
					"@executable_path/Frameworks",
				);
				MARKETING_VERSION = 1.0;
				PRODUCT_BUNDLE_IDENTIFIER = com.xxxx.NewsApp;
				PRODUCT_NAME = "$(TARGET_NAME)";
				SWIFT_EMIT_LOC_STRINGS = YES;
				SWIFT_VERSION = 5.0;
				TARGETED_DEVICE_FAMILY = 1;
			};
			name = Debug;
		};
		F08154D7289BDCE3009E2B1B /* Release */ = {
			isa = XCBuildConfiguration;
			buildSettings = {
				ASSETCATALOG_COMPILER_APPICON_NAME = AppIcon;
				ASSETCATALOG_COMPILER_GLOBAL_ACCENT_COLOR_NAME = AccentColor;
				CODE_SIGN_STYLE = Automatic;
				CURRENT_PROJECT_VERSION = 1;
				GENERATE_INFOPLIST_FILE = YES;
				INFOPLIST_FILE = NewsApp/Resources/Info.plist;
				INFOPLIST_KEY_UIApplicationSupportsIndirectInputEvents = YES;
				INFOPLIST_KEY_UILaunchStoryboardName = LaunchScreen;
				INFOPLIST_KEY_UISupportedInterfaceOrientations_iPad = "UIInterfaceOrientationPortrait UIInterfaceOrientationPortraitUpsideDown UIInterfaceOrientationLandscapeLeft UIInterfaceOrientationLandscapeRight";
				INFOPLIST_KEY_UISupportedInterfaceOrientations_iPhone = "UIInterfaceOrientationPortrait UIInterfaceOrientationLandscapeLeft UIInterfaceOrientationLandscapeRight";
				LD_RUNPATH_SEARCH_PATHS = (
					"$(inherited)",
					"@executable_path/Frameworks",
				);
				MARKETING_VERSION = 1.0;
				PRODUCT_BUNDLE_IDENTIFIER = com.xxxx.NewsApp;
				PRODUCT_NAME = "$(TARGET_NAME)";
				SWIFT_EMIT_LOC_STRINGS = YES;
				SWIFT_VERSION = 5.0;
				TARGETED_DEVICE_FAMILY = 1;
			};
			name = Release;
		};
		F0E272BC289F2537005071AE /* Debug */ = {
			isa = XCBuildConfiguration;
			buildSettings = {
				BUNDLE_LOADER = "$(TEST_HOST)";
				CODE_SIGN_STYLE = Automatic;
				CURRENT_PROJECT_VERSION = 1;
				GENERATE_INFOPLIST_FILE = YES;
				MARKETING_VERSION = 1.0;
				PRODUCT_BUNDLE_IDENTIFIER = com.xxxx.NewsAppTests;
				PRODUCT_NAME = "$(TARGET_NAME)";
				SWIFT_EMIT_LOC_STRINGS = NO;
				SWIFT_VERSION = 5.0;
				TARGETED_DEVICE_FAMILY = "1,2";
				TEST_HOST = "$(BUILT_PRODUCTS_DIR)/NewsApp.app/NewsApp";
			};
			name = Debug;
		};
		F0E272BD289F2537005071AE /* Release */ = {
			isa = XCBuildConfiguration;
			buildSettings = {
				BUNDLE_LOADER = "$(TEST_HOST)";
				CODE_SIGN_STYLE = Automatic;
				CURRENT_PROJECT_VERSION = 1;
				GENERATE_INFOPLIST_FILE = YES;
				MARKETING_VERSION = 1.0;
				PRODUCT_BUNDLE_IDENTIFIER = com.xxxx.NewsAppTests;
				PRODUCT_NAME = "$(TARGET_NAME)";
				SWIFT_EMIT_LOC_STRINGS = NO;
				SWIFT_VERSION = 5.0;
				TARGETED_DEVICE_FAMILY = "1,2";
				TEST_HOST = "$(BUILT_PRODUCTS_DIR)/NewsApp.app/NewsApp";
			};
			name = Release;
		};
/* End XCBuildConfiguration section */

/* Begin XCConfigurationList section */
		F08154BC289BDCE1009E2B1B /* Build configuration list for PBXProject "NewsApp" */ = {
			isa = XCConfigurationList;
			buildConfigurations = (
				F08154D3289BDCE3009E2B1B /* Debug */,
				F08154D4289BDCE3009E2B1B /* Release */,
			);
			defaultConfigurationIsVisible = 0;
			defaultConfigurationName = Release;
		};
		F08154D5289BDCE3009E2B1B /* Build configuration list for PBXNativeTarget "NewsApp" */ = {
			isa = XCConfigurationList;
			buildConfigurations = (
				F08154D6289BDCE3009E2B1B /* Debug */,
				F08154D7289BDCE3009E2B1B /* Release */,
			);
			defaultConfigurationIsVisible = 0;
			defaultConfigurationName = Release;
		};
		F0E272BB289F2537005071AE /* Build configuration list for PBXNativeTarget "NewsAppTests" */ = {
			isa = XCConfigurationList;
			buildConfigurations = (
				F0E272BC289F2537005071AE /* Debug */,
				F0E272BD289F2537005071AE /* Release */,
			);
			defaultConfigurationIsVisible = 0;
			defaultConfigurationName = Release;
		};
/* End XCConfigurationList section */
	};
	rootObject = F08154B9289BDCE1009E2B1B /* Project object */;
}
